<?xml version="1.0" encoding="UTF-8"?>
<!DOCTYPE plist PUBLIC "-//Apple//DTD PLIST 1.0//EN" "http://www.apple.com/DTDs/PropertyList-1.0.dtd">
<plist version="1.0">
<dict>
	<key>archiveVersion</key>
	<string>1</string>
	<key>classes</key>
	<dict/>
	<key>objectVersion</key>
	<string>46</string>
	<key>objects</key>
	<dict>
		<key>02BFE935996D6241BC7D1830</key>
		<dict>
			<key>children</key>
			<array>
				<string>EF55C8F6991C65BC56D6AC99</string>
				<string>1B208891CF75865DDB09A447</string>
				<string>447476D2F0B6762C819DF79B</string>
				<string>C677A0E1B885ECA10AE7E78F</string>
				<string>309F2A10E50C020F315AAAEF</string>
				<string>F26E53A7C79A997222549BF6</string>
			</array>
			<key>isa</key>
			<string>PBXGroup</string>
			<key>name</key>
			<string>Pods</string>
			<key>sourceTree</key>
			<string>&lt;group&gt;</string>
		</dict>
		<key>16051945DD9C3BCFE7D32327</key>
		<dict>
			<key>buildActionMask</key>
			<string>2147483647</string>
			<key>files</key>
			<array/>
			<key>inputPaths</key>
			<array/>
			<key>isa</key>
			<string>PBXShellScriptBuildPhase</string>
			<key>name</key>
			<string>[CP] Copy Pods Resources</string>
			<key>outputPaths</key>
			<array/>
			<key>runOnlyForDeploymentPostprocessing</key>
			<string>0</string>
			<key>shellPath</key>
			<string>/bin/sh</string>
			<key>shellScript</key>
			<string>"${SRCROOT}/Pods/Target Support Files/Pods-BWiOSHybridAppTests/Pods-BWiOSHybridAppTests-resources.sh"
</string>
			<key>showEnvVarsInLog</key>
			<string>0</string>
		</dict>
		<key>1B208891CF75865DDB09A447</key>
		<dict>
			<key>includeInIndex</key>
			<string>1</string>
			<key>isa</key>
			<string>PBXFileReference</string>
			<key>lastKnownFileType</key>
			<string>text.xcconfig</string>
			<key>name</key>
			<string>Pods-BWiOSHybridApp.release.xcconfig</string>
			<key>path</key>
			<string>Pods/Target Support Files/Pods-BWiOSHybridApp/Pods-BWiOSHybridApp.release.xcconfig</string>
			<key>sourceTree</key>
			<string>&lt;group&gt;</string>
		</dict>
		<key>2100A2BB1DF45DEB00B4158B</key>
		<dict>
			<key>children</key>
			<array>
				<string>2100A2C61DF45DEB00B4158B</string>
				<string>2100A2E01DF45DEB00B4158B</string>
				<string>2100A2EB1DF45DEB00B4158B</string>
				<string>2100A2C51DF45DEB00B4158B</string>
				<string>02BFE935996D6241BC7D1830</string>
				<string>4E35B38CA2E6431973A92994</string>
			</array>
			<key>isa</key>
			<string>PBXGroup</string>
			<key>sourceTree</key>
			<string>&lt;group&gt;</string>
		</dict>
		<key>2100A2BC1DF45DEB00B4158B</key>
		<dict>
			<key>attributes</key>
			<dict>
				<key>LastUpgradeCheck</key>
				<string>0810</string>
				<key>ORGANIZATIONNAME</key>
				<string>Bob Wong Studio</string>
				<key>TargetAttributes</key>
				<dict>
					<key>2100A2C31DF45DEB00B4158B</key>
					<dict>
						<key>CreatedOnToolsVersion</key>
						<string>8.1</string>
						<key>DevelopmentTeam</key>
						<string>5FC7UQ7KFZ</string>
						<key>ProvisioningStyle</key>
						<string>Automatic</string>
					</dict>
					<key>2100A2DC1DF45DEB00B4158B</key>
					<dict>
						<key>CreatedOnToolsVersion</key>
						<string>8.1</string>
						<key>DevelopmentTeam</key>
						<string>5FC7UQ7KFZ</string>
						<key>ProvisioningStyle</key>
						<string>Automatic</string>
						<key>TestTargetID</key>
						<string>2100A2C31DF45DEB00B4158B</string>
					</dict>
					<key>2100A2E71DF45DEB00B4158B</key>
					<dict>
						<key>CreatedOnToolsVersion</key>
						<string>8.1</string>
						<key>DevelopmentTeam</key>
						<string>5FC7UQ7KFZ</string>
						<key>ProvisioningStyle</key>
						<string>Automatic</string>
						<key>TestTargetID</key>
						<string>2100A2C31DF45DEB00B4158B</string>
					</dict>
				</dict>
			</dict>
			<key>buildConfigurationList</key>
			<string>2100A2BF1DF45DEB00B4158B</string>
			<key>compatibilityVersion</key>
			<string>Xcode 3.2</string>
			<key>developmentRegion</key>
			<string>English</string>
			<key>hasScannedForEncodings</key>
			<string>0</string>
			<key>isa</key>
			<string>PBXProject</string>
			<key>knownRegions</key>
			<array>
				<string>en</string>
				<string>Base</string>
			</array>
			<key>mainGroup</key>
			<string>2100A2BB1DF45DEB00B4158B</string>
			<key>productRefGroup</key>
			<string>2100A2C51DF45DEB00B4158B</string>
			<key>projectDirPath</key>
			<string></string>
			<key>projectReferences</key>
			<array/>
			<key>projectRoot</key>
			<string></string>
			<key>targets</key>
			<array>
				<string>2100A2C31DF45DEB00B4158B</string>
				<string>2100A2DC1DF45DEB00B4158B</string>
				<string>2100A2E71DF45DEB00B4158B</string>
			</array>
		</dict>
		<key>2100A2BF1DF45DEB00B4158B</key>
		<dict>
			<key>buildConfigurations</key>
			<array>
				<string>2100A2EF1DF45DEB00B4158B</string>
				<string>2100A2F01DF45DEB00B4158B</string>
			</array>
			<key>defaultConfigurationIsVisible</key>
			<string>0</string>
			<key>defaultConfigurationName</key>
			<string>Release</string>
			<key>isa</key>
			<string>XCConfigurationList</string>
		</dict>
		<key>2100A2C01DF45DEB00B4158B</key>
		<dict>
			<key>buildActionMask</key>
			<string>2147483647</string>
			<key>files</key>
			<array>
				<string>2100A2CF1DF45DEB00B4158B</string>
				<string>2100A2CC1DF45DEB00B4158B</string>
				<string>2100A2C91DF45DEB00B4158B</string>
			</array>
			<key>isa</key>
			<string>PBXSourcesBuildPhase</string>
			<key>runOnlyForDeploymentPostprocessing</key>
			<string>0</string>
		</dict>
		<key>2100A2C11DF45DEB00B4158B</key>
		<dict>
			<key>buildActionMask</key>
			<string>2147483647</string>
			<key>files</key>
			<array>
				<string>E60753B54D5F2BD5F45DC4C3</string>
			</array>
			<key>isa</key>
			<string>PBXFrameworksBuildPhase</string>
			<key>runOnlyForDeploymentPostprocessing</key>
			<string>0</string>
		</dict>
		<key>2100A2C21DF45DEB00B4158B</key>
		<dict>
			<key>buildActionMask</key>
			<string>2147483647</string>
			<key>files</key>
			<array>
				<string>2100A2D71DF45DEB00B4158B</string>
				<string>2100A2D41DF45DEB00B4158B</string>
				<string>2100A2D21DF45DEB00B4158B</string>
			</array>
			<key>isa</key>
			<string>PBXResourcesBuildPhase</string>
			<key>runOnlyForDeploymentPostprocessing</key>
			<string>0</string>
		</dict>
		<key>2100A2C31DF45DEB00B4158B</key>
		<dict>
			<key>buildConfigurationList</key>
			<string>2100A2F11DF45DEB00B4158B</string>
			<key>buildPhases</key>
			<array>
				<string>5BD6F57D73622F135C9312C7</string>
				<string>2100A2C01DF45DEB00B4158B</string>
				<string>2100A2C11DF45DEB00B4158B</string>
				<string>2100A2C21DF45DEB00B4158B</string>
				<string>895E6AA1637B0CD45CF15658</string>
				<string>5CB929C55224F544F6EFF8D8</string>
			</array>
			<key>buildRules</key>
			<array/>
			<key>dependencies</key>
			<array/>
			<key>isa</key>
			<string>PBXNativeTarget</string>
			<key>name</key>
			<string>BWiOSHybridApp</string>
			<key>productName</key>
			<string>BWiOSHybridApp</string>
			<key>productReference</key>
			<string>2100A2C41DF45DEB00B4158B</string>
			<key>productType</key>
			<string>com.apple.product-type.application</string>
		</dict>
		<key>2100A2C41DF45DEB00B4158B</key>
		<dict>
			<key>explicitFileType</key>
			<string>wrapper.application</string>
			<key>includeInIndex</key>
			<string>0</string>
			<key>isa</key>
			<string>PBXFileReference</string>
			<key>path</key>
			<string>BWiOSHybridApp.app</string>
			<key>sourceTree</key>
			<string>BUILT_PRODUCTS_DIR</string>
		</dict>
		<key>2100A2C51DF45DEB00B4158B</key>
		<dict>
			<key>children</key>
			<array>
				<string>2100A2C41DF45DEB00B4158B</string>
				<string>2100A2DD1DF45DEB00B4158B</string>
				<string>2100A2E81DF45DEB00B4158B</string>
			</array>
			<key>isa</key>
			<string>PBXGroup</string>
			<key>name</key>
			<string>Products</string>
			<key>sourceTree</key>
			<string>&lt;group&gt;</string>
		</dict>
		<key>2100A2C61DF45DEB00B4158B</key>
		<dict>
			<key>children</key>
			<array>
				<string>2100A2CA1DF45DEB00B4158B</string>
				<string>2100A2CB1DF45DEB00B4158B</string>
				<string>2100A2CD1DF45DEB00B4158B</string>
				<string>2100A2CE1DF45DEB00B4158B</string>
				<string>2100A2D01DF45DEB00B4158B</string>
				<string>2100A2D31DF45DEB00B4158B</string>
				<string>2100A2D51DF45DEB00B4158B</string>
				<string>2100A2D81DF45DEB00B4158B</string>
				<string>2100A2C71DF45DEB00B4158B</string>
			</array>
			<key>isa</key>
			<string>PBXGroup</string>
			<key>path</key>
			<string>BWiOSHybridApp</string>
			<key>sourceTree</key>
			<string>&lt;group&gt;</string>
		</dict>
		<key>2100A2C71DF45DEB00B4158B</key>
		<dict>
			<key>children</key>
			<array>
				<string>2100A2C81DF45DEB00B4158B</string>
			</array>
			<key>isa</key>
			<string>PBXGroup</string>
			<key>name</key>
			<string>Supporting Files</string>
			<key>sourceTree</key>
			<string>&lt;group&gt;</string>
		</dict>
		<key>2100A2C81DF45DEB00B4158B</key>
		<dict>
			<key>isa</key>
			<string>PBXFileReference</string>
			<key>lastKnownFileType</key>
			<string>sourcecode.c.objc</string>
			<key>path</key>
			<string>main.m</string>
			<key>sourceTree</key>
			<string>&lt;group&gt;</string>
		</dict>
		<key>2100A2C91DF45DEB00B4158B</key>
		<dict>
			<key>fileRef</key>
			<string>2100A2C81DF45DEB00B4158B</string>
			<key>isa</key>
			<string>PBXBuildFile</string>
		</dict>
		<key>2100A2CA1DF45DEB00B4158B</key>
		<dict>
			<key>isa</key>
			<string>PBXFileReference</string>
			<key>lastKnownFileType</key>
			<string>sourcecode.c.h</string>
			<key>path</key>
			<string>AppDelegate.h</string>
			<key>sourceTree</key>
			<string>&lt;group&gt;</string>
		</dict>
		<key>2100A2CB1DF45DEB00B4158B</key>
		<dict>
			<key>isa</key>
			<string>PBXFileReference</string>
			<key>lastKnownFileType</key>
			<string>sourcecode.c.objc</string>
			<key>path</key>
			<string>AppDelegate.m</string>
			<key>sourceTree</key>
			<string>&lt;group&gt;</string>
		</dict>
		<key>2100A2CC1DF45DEB00B4158B</key>
		<dict>
			<key>fileRef</key>
			<string>2100A2CB1DF45DEB00B4158B</string>
			<key>isa</key>
			<string>PBXBuildFile</string>
		</dict>
		<key>2100A2CD1DF45DEB00B4158B</key>
		<dict>
			<key>isa</key>
			<string>PBXFileReference</string>
			<key>lastKnownFileType</key>
			<string>sourcecode.c.h</string>
			<key>path</key>
			<string>ViewController.h</string>
			<key>sourceTree</key>
			<string>&lt;group&gt;</string>
		</dict>
		<key>2100A2CE1DF45DEB00B4158B</key>
		<dict>
			<key>isa</key>
			<string>PBXFileReference</string>
			<key>lastKnownFileType</key>
			<string>sourcecode.c.objc</string>
			<key>path</key>
			<string>ViewController.m</string>
			<key>sourceTree</key>
			<string>&lt;group&gt;</string>
		</dict>
		<key>2100A2CF1DF45DEB00B4158B</key>
		<dict>
			<key>fileRef</key>
			<string>2100A2CE1DF45DEB00B4158B</string>
			<key>isa</key>
			<string>PBXBuildFile</string>
		</dict>
		<key>2100A2D01DF45DEB00B4158B</key>
		<dict>
			<key>children</key>
			<array>
				<string>2100A2D11DF45DEB00B4158B</string>
			</array>
			<key>isa</key>
			<string>PBXVariantGroup</string>
			<key>name</key>
			<string>Main.storyboard</string>
			<key>sourceTree</key>
			<string>&lt;group&gt;</string>
		</dict>
		<key>2100A2D11DF45DEB00B4158B</key>
		<dict>
			<key>isa</key>
			<string>PBXFileReference</string>
			<key>lastKnownFileType</key>
			<string>file.storyboard</string>
			<key>name</key>
			<string>Base</string>
			<key>path</key>
			<string>Base.lproj/Main.storyboard</string>
			<key>sourceTree</key>
			<string>&lt;group&gt;</string>
		</dict>
		<key>2100A2D21DF45DEB00B4158B</key>
		<dict>
			<key>fileRef</key>
			<string>2100A2D01DF45DEB00B4158B</string>
			<key>isa</key>
			<string>PBXBuildFile</string>
		</dict>
		<key>2100A2D31DF45DEB00B4158B</key>
		<dict>
			<key>isa</key>
			<string>PBXFileReference</string>
			<key>lastKnownFileType</key>
			<string>folder.assetcatalog</string>
			<key>path</key>
			<string>Assets.xcassets</string>
			<key>sourceTree</key>
			<string>&lt;group&gt;</string>
		</dict>
		<key>2100A2D41DF45DEB00B4158B</key>
		<dict>
			<key>fileRef</key>
			<string>2100A2D31DF45DEB00B4158B</string>
			<key>isa</key>
			<string>PBXBuildFile</string>
		</dict>
		<key>2100A2D51DF45DEB00B4158B</key>
		<dict>
			<key>children</key>
			<array>
				<string>2100A2D61DF45DEB00B4158B</string>
			</array>
			<key>isa</key>
			<string>PBXVariantGroup</string>
			<key>name</key>
			<string>LaunchScreen.storyboard</string>
			<key>sourceTree</key>
			<string>&lt;group&gt;</string>
		</dict>
		<key>2100A2D61DF45DEB00B4158B</key>
		<dict>
			<key>isa</key>
			<string>PBXFileReference</string>
			<key>lastKnownFileType</key>
			<string>file.storyboard</string>
			<key>name</key>
			<string>Base</string>
			<key>path</key>
			<string>Base.lproj/LaunchScreen.storyboard</string>
			<key>sourceTree</key>
			<string>&lt;group&gt;</string>
		</dict>
		<key>2100A2D71DF45DEB00B4158B</key>
		<dict>
			<key>fileRef</key>
			<string>2100A2D51DF45DEB00B4158B</string>
			<key>isa</key>
			<string>PBXBuildFile</string>
		</dict>
		<key>2100A2D81DF45DEB00B4158B</key>
		<dict>
			<key>isa</key>
			<string>PBXFileReference</string>
			<key>lastKnownFileType</key>
			<string>text.plist.xml</string>
			<key>path</key>
			<string>Info.plist</string>
			<key>sourceTree</key>
			<string>&lt;group&gt;</string>
		</dict>
		<key>2100A2D91DF45DEB00B4158B</key>
		<dict>
			<key>buildActionMask</key>
			<string>2147483647</string>
			<key>files</key>
			<array>
				<string>2100A2E21DF45DEB00B4158B</string>
			</array>
			<key>isa</key>
			<string>PBXSourcesBuildPhase</string>
			<key>runOnlyForDeploymentPostprocessing</key>
			<string>0</string>
		</dict>
		<key>2100A2DA1DF45DEB00B4158B</key>
		<dict>
			<key>buildActionMask</key>
			<string>2147483647</string>
			<key>files</key>
			<array>
				<string>24832CCBD128FF6723AED202</string>
			</array>
			<key>isa</key>
			<string>PBXFrameworksBuildPhase</string>
			<key>runOnlyForDeploymentPostprocessing</key>
			<string>0</string>
		</dict>
		<key>2100A2DB1DF45DEB00B4158B</key>
		<dict>
			<key>buildActionMask</key>
			<string>2147483647</string>
			<key>files</key>
			<array/>
			<key>isa</key>
			<string>PBXResourcesBuildPhase</string>
			<key>runOnlyForDeploymentPostprocessing</key>
			<string>0</string>
		</dict>
		<key>2100A2DC1DF45DEB00B4158B</key>
		<dict>
			<key>buildConfigurationList</key>
			<string>2100A2F41DF45DEB00B4158B</string>
			<key>buildPhases</key>
			<array>
				<string>E4CB976BC42E28CBB8E43EBE</string>
				<string>2100A2D91DF45DEB00B4158B</string>
				<string>2100A2DA1DF45DEB00B4158B</string>
				<string>2100A2DB1DF45DEB00B4158B</string>
				<string>FAD66D8998D25A7A9783BBFC</string>
				<string>16051945DD9C3BCFE7D32327</string>
			</array>
			<key>buildRules</key>
			<array/>
			<key>dependencies</key>
			<array>
				<string>2100A2DF1DF45DEB00B4158B</string>
			</array>
			<key>isa</key>
			<string>PBXNativeTarget</string>
			<key>name</key>
			<string>BWiOSHybridAppTests</string>
			<key>productName</key>
			<string>BWiOSHybridAppTests</string>
			<key>productReference</key>
			<string>2100A2DD1DF45DEB00B4158B</string>
			<key>productType</key>
			<string>com.apple.product-type.bundle.unit-test</string>
		</dict>
		<key>2100A2DD1DF45DEB00B4158B</key>
		<dict>
			<key>explicitFileType</key>
			<string>wrapper.cfbundle</string>
			<key>includeInIndex</key>
			<string>0</string>
			<key>isa</key>
			<string>PBXFileReference</string>
			<key>path</key>
			<string>BWiOSHybridAppTests.xctest</string>
			<key>sourceTree</key>
			<string>BUILT_PRODUCTS_DIR</string>
		</dict>
		<key>2100A2DE1DF45DEB00B4158B</key>
		<dict>
			<key>containerPortal</key>
			<string>2100A2BC1DF45DEB00B4158B</string>
			<key>isa</key>
			<string>PBXContainerItemProxy</string>
			<key>proxyType</key>
			<string>1</string>
			<key>remoteGlobalIDString</key>
			<string>2100A2C31DF45DEB00B4158B</string>
			<key>remoteInfo</key>
			<string>BWiOSHybridApp</string>
		</dict>
		<key>2100A2DF1DF45DEB00B4158B</key>
		<dict>
			<key>isa</key>
			<string>PBXTargetDependency</string>
			<key>target</key>
			<string>2100A2C31DF45DEB00B4158B</string>
			<key>targetProxy</key>
			<string>2100A2DE1DF45DEB00B4158B</string>
		</dict>
		<key>2100A2E01DF45DEB00B4158B</key>
		<dict>
			<key>children</key>
			<array>
				<string>2100A2E11DF45DEB00B4158B</string>
				<string>2100A2E31DF45DEB00B4158B</string>
			</array>
			<key>isa</key>
			<string>PBXGroup</string>
			<key>path</key>
			<string>BWiOSHybridAppTests</string>
			<key>sourceTree</key>
			<string>&lt;group&gt;</string>
		</dict>
		<key>2100A2E11DF45DEB00B4158B</key>
		<dict>
			<key>isa</key>
			<string>PBXFileReference</string>
			<key>lastKnownFileType</key>
			<string>sourcecode.c.objc</string>
			<key>path</key>
			<string>BWiOSHybridAppTests.m</string>
			<key>sourceTree</key>
			<string>&lt;group&gt;</string>
		</dict>
		<key>2100A2E21DF45DEB00B4158B</key>
		<dict>
			<key>fileRef</key>
			<string>2100A2E11DF45DEB00B4158B</string>
			<key>isa</key>
			<string>PBXBuildFile</string>
		</dict>
		<key>2100A2E31DF45DEB00B4158B</key>
		<dict>
			<key>isa</key>
			<string>PBXFileReference</string>
			<key>lastKnownFileType</key>
			<string>text.plist.xml</string>
			<key>path</key>
			<string>Info.plist</string>
			<key>sourceTree</key>
			<string>&lt;group&gt;</string>
		</dict>
		<key>2100A2E41DF45DEB00B4158B</key>
		<dict>
			<key>buildActionMask</key>
			<string>2147483647</string>
			<key>files</key>
			<array>
				<string>2100A2ED1DF45DEB00B4158B</string>
			</array>
			<key>isa</key>
			<string>PBXSourcesBuildPhase</string>
			<key>runOnlyForDeploymentPostprocessing</key>
			<string>0</string>
		</dict>
		<key>2100A2E51DF45DEB00B4158B</key>
		<dict>
			<key>buildActionMask</key>
			<string>2147483647</string>
			<key>files</key>
			<array>
				<string>DF2BE54B3D6EE3BE1F82B28A</string>
			</array>
			<key>isa</key>
			<string>PBXFrameworksBuildPhase</string>
			<key>runOnlyForDeploymentPostprocessing</key>
			<string>0</string>
		</dict>
		<key>2100A2E61DF45DEB00B4158B</key>
		<dict>
			<key>buildActionMask</key>
			<string>2147483647</string>
			<key>files</key>
			<array/>
			<key>isa</key>
			<string>PBXResourcesBuildPhase</string>
			<key>runOnlyForDeploymentPostprocessing</key>
			<string>0</string>
		</dict>
		<key>2100A2E71DF45DEB00B4158B</key>
		<dict>
			<key>buildConfigurationList</key>
			<string>2100A2F71DF45DEB00B4158B</string>
			<key>buildPhases</key>
			<array>
				<string>88C80451B810C55FEE61E637</string>
				<string>2100A2E41DF45DEB00B4158B</string>
				<string>2100A2E51DF45DEB00B4158B</string>
				<string>2100A2E61DF45DEB00B4158B</string>
				<string>F53A1A51B853254FE3C572F6</string>
			</array>
			<key>buildRules</key>
			<array/>
			<key>dependencies</key>
			<array>
				<string>2100A2EA1DF45DEB00B4158B</string>
			</array>
			<key>isa</key>
			<string>PBXNativeTarget</string>
			<key>name</key>
			<string>BWiOSHybridAppUITests</string>
			<key>productName</key>
			<string>BWiOSHybridAppUITests</string>
			<key>productReference</key>
			<string>2100A2E81DF45DEB00B4158B</string>
			<key>productType</key>
			<string>com.apple.product-type.bundle.ui-testing</string>
		</dict>
		<key>2100A2E81DF45DEB00B4158B</key>
		<dict>
			<key>explicitFileType</key>
			<string>wrapper.cfbundle</string>
			<key>includeInIndex</key>
			<string>0</string>
			<key>isa</key>
			<string>PBXFileReference</string>
			<key>path</key>
			<string>BWiOSHybridAppUITests.xctest</string>
			<key>sourceTree</key>
			<string>BUILT_PRODUCTS_DIR</string>
		</dict>
		<key>2100A2E91DF45DEB00B4158B</key>
		<dict>
			<key>containerPortal</key>
			<string>2100A2BC1DF45DEB00B4158B</string>
			<key>isa</key>
			<string>PBXContainerItemProxy</string>
			<key>proxyType</key>
			<string>1</string>
			<key>remoteGlobalIDString</key>
			<string>2100A2C31DF45DEB00B4158B</string>
			<key>remoteInfo</key>
			<string>BWiOSHybridApp</string>
		</dict>
		<key>2100A2EA1DF45DEB00B4158B</key>
		<dict>
			<key>isa</key>
			<string>PBXTargetDependency</string>
			<key>target</key>
			<string>2100A2C31DF45DEB00B4158B</string>
			<key>targetProxy</key>
			<string>2100A2E91DF45DEB00B4158B</string>
		</dict>
		<key>2100A2EB1DF45DEB00B4158B</key>
		<dict>
			<key>children</key>
			<array>
				<string>2100A2EC1DF45DEB00B4158B</string>
				<string>2100A2EE1DF45DEB00B4158B</string>
			</array>
			<key>isa</key>
			<string>PBXGroup</string>
			<key>path</key>
			<string>BWiOSHybridAppUITests</string>
			<key>sourceTree</key>
			<string>&lt;group&gt;</string>
		</dict>
		<key>2100A2EC1DF45DEB00B4158B</key>
		<dict>
			<key>isa</key>
			<string>PBXFileReference</string>
			<key>lastKnownFileType</key>
			<string>sourcecode.c.objc</string>
			<key>path</key>
			<string>BWiOSHybridAppUITests.m</string>
			<key>sourceTree</key>
			<string>&lt;group&gt;</string>
		</dict>
		<key>2100A2ED1DF45DEB00B4158B</key>
		<dict>
			<key>fileRef</key>
			<string>2100A2EC1DF45DEB00B4158B</string>
			<key>isa</key>
			<string>PBXBuildFile</string>
		</dict>
		<key>2100A2EE1DF45DEB00B4158B</key>
		<dict>
			<key>isa</key>
			<string>PBXFileReference</string>
			<key>lastKnownFileType</key>
			<string>text.plist.xml</string>
			<key>path</key>
			<string>Info.plist</string>
			<key>sourceTree</key>
			<string>&lt;group&gt;</string>
		</dict>
		<key>2100A2EF1DF45DEB00B4158B</key>
		<dict>
			<key>buildSettings</key>
			<dict>
				<key>ALWAYS_SEARCH_USER_PATHS</key>
				<string>NO</string>
				<key>CLANG_ANALYZER_NONNULL</key>
				<string>YES</string>
				<key>CLANG_CXX_LANGUAGE_STANDARD</key>
				<string>gnu++0x</string>
				<key>CLANG_CXX_LIBRARY</key>
				<string>libc++</string>
				<key>CLANG_ENABLE_MODULES</key>
				<string>YES</string>
				<key>CLANG_ENABLE_OBJC_ARC</key>
				<string>YES</string>
				<key>CLANG_WARN_BOOL_CONVERSION</key>
				<string>YES</string>
				<key>CLANG_WARN_CONSTANT_CONVERSION</key>
				<string>YES</string>
				<key>CLANG_WARN_DIRECT_OBJC_ISA_USAGE</key>
				<string>YES_ERROR</string>
				<key>CLANG_WARN_DOCUMENTATION_COMMENTS</key>
				<string>YES</string>
				<key>CLANG_WARN_EMPTY_BODY</key>
				<string>YES</string>
				<key>CLANG_WARN_ENUM_CONVERSION</key>
				<string>YES</string>
				<key>CLANG_WARN_INFINITE_RECURSION</key>
				<string>YES</string>
				<key>CLANG_WARN_INT_CONVERSION</key>
				<string>YES</string>
				<key>CLANG_WARN_OBJC_ROOT_CLASS</key>
				<string>YES_ERROR</string>
				<key>CLANG_WARN_SUSPICIOUS_MOVES</key>
				<string>YES</string>
				<key>CLANG_WARN_UNREACHABLE_CODE</key>
				<string>YES</string>
				<key>CLANG_WARN__DUPLICATE_METHOD_MATCH</key>
				<string>YES</string>
				<key>CODE_SIGN_IDENTITY[sdk=iphoneos*]</key>
				<string>iPhone Developer</string>
				<key>COPY_PHASE_STRIP</key>
				<string>NO</string>
				<key>DEBUG_INFORMATION_FORMAT</key>
				<string>dwarf</string>
				<key>ENABLE_STRICT_OBJC_MSGSEND</key>
				<string>YES</string>
				<key>ENABLE_TESTABILITY</key>
				<string>YES</string>
				<key>GCC_C_LANGUAGE_STANDARD</key>
				<string>gnu99</string>
				<key>GCC_DYNAMIC_NO_PIC</key>
				<string>NO</string>
				<key>GCC_NO_COMMON_BLOCKS</key>
				<string>YES</string>
				<key>GCC_OPTIMIZATION_LEVEL</key>
				<string>0</string>
				<key>GCC_PREPROCESSOR_DEFINITIONS</key>
				<array>
					<string>DEBUG=1</string>
					<string>$(inherited)</string>
				</array>
				<key>GCC_WARN_64_TO_32_BIT_CONVERSION</key>
				<string>YES</string>
				<key>GCC_WARN_ABOUT_RETURN_TYPE</key>
				<string>YES_ERROR</string>
				<key>GCC_WARN_UNDECLARED_SELECTOR</key>
				<string>YES</string>
				<key>GCC_WARN_UNINITIALIZED_AUTOS</key>
				<string>YES_AGGRESSIVE</string>
				<key>GCC_WARN_UNUSED_FUNCTION</key>
				<string>YES</string>
				<key>GCC_WARN_UNUSED_VARIABLE</key>
				<string>YES</string>
				<key>IPHONEOS_DEPLOYMENT_TARGET</key>
				<string>10.1</string>
				<key>MTL_ENABLE_DEBUG_INFO</key>
				<string>YES</string>
				<key>ONLY_ACTIVE_ARCH</key>
				<string>YES</string>
				<key>SDKROOT</key>
				<string>iphoneos</string>
			</dict>
			<key>isa</key>
			<string>XCBuildConfiguration</string>
			<key>name</key>
			<string>Debug</string>
		</dict>
		<key>2100A2F01DF45DEB00B4158B</key>
		<dict>
			<key>buildSettings</key>
			<dict>
				<key>ALWAYS_SEARCH_USER_PATHS</key>
				<string>NO</string>
				<key>CLANG_ANALYZER_NONNULL</key>
				<string>YES</string>
				<key>CLANG_CXX_LANGUAGE_STANDARD</key>
				<string>gnu++0x</string>
				<key>CLANG_CXX_LIBRARY</key>
				<string>libc++</string>
				<key>CLANG_ENABLE_MODULES</key>
				<string>YES</string>
				<key>CLANG_ENABLE_OBJC_ARC</key>
				<string>YES</string>
				<key>CLANG_WARN_BOOL_CONVERSION</key>
				<string>YES</string>
				<key>CLANG_WARN_CONSTANT_CONVERSION</key>
				<string>YES</string>
				<key>CLANG_WARN_DIRECT_OBJC_ISA_USAGE</key>
				<string>YES_ERROR</string>
				<key>CLANG_WARN_DOCUMENTATION_COMMENTS</key>
				<string>YES</string>
				<key>CLANG_WARN_EMPTY_BODY</key>
				<string>YES</string>
				<key>CLANG_WARN_ENUM_CONVERSION</key>
				<string>YES</string>
				<key>CLANG_WARN_INFINITE_RECURSION</key>
				<string>YES</string>
				<key>CLANG_WARN_INT_CONVERSION</key>
				<string>YES</string>
				<key>CLANG_WARN_OBJC_ROOT_CLASS</key>
				<string>YES_ERROR</string>
				<key>CLANG_WARN_SUSPICIOUS_MOVES</key>
				<string>YES</string>
				<key>CLANG_WARN_UNREACHABLE_CODE</key>
				<string>YES</string>
				<key>CLANG_WARN__DUPLICATE_METHOD_MATCH</key>
				<string>YES</string>
				<key>CODE_SIGN_IDENTITY[sdk=iphoneos*]</key>
				<string>iPhone Developer</string>
				<key>COPY_PHASE_STRIP</key>
				<string>NO</string>
				<key>DEBUG_INFORMATION_FORMAT</key>
				<string>dwarf-with-dsym</string>
				<key>ENABLE_NS_ASSERTIONS</key>
				<string>NO</string>
				<key>ENABLE_STRICT_OBJC_MSGSEND</key>
				<string>YES</string>
				<key>GCC_C_LANGUAGE_STANDARD</key>
				<string>gnu99</string>
				<key>GCC_NO_COMMON_BLOCKS</key>
				<string>YES</string>
				<key>GCC_WARN_64_TO_32_BIT_CONVERSION</key>
				<string>YES</string>
				<key>GCC_WARN_ABOUT_RETURN_TYPE</key>
				<string>YES_ERROR</string>
				<key>GCC_WARN_UNDECLARED_SELECTOR</key>
				<string>YES</string>
				<key>GCC_WARN_UNINITIALIZED_AUTOS</key>
				<string>YES_AGGRESSIVE</string>
				<key>GCC_WARN_UNUSED_FUNCTION</key>
				<string>YES</string>
				<key>GCC_WARN_UNUSED_VARIABLE</key>
				<string>YES</string>
				<key>IPHONEOS_DEPLOYMENT_TARGET</key>
				<string>10.1</string>
				<key>MTL_ENABLE_DEBUG_INFO</key>
				<string>NO</string>
				<key>SDKROOT</key>
				<string>iphoneos</string>
				<key>VALIDATE_PRODUCT</key>
				<string>YES</string>
			</dict>
			<key>isa</key>
			<string>XCBuildConfiguration</string>
			<key>name</key>
			<string>Release</string>
		</dict>
		<key>2100A2F11DF45DEB00B4158B</key>
		<dict>
			<key>buildConfigurations</key>
			<array>
				<string>2100A2F21DF45DEB00B4158B</string>
				<string>2100A2F31DF45DEB00B4158B</string>
			</array>
			<key>defaultConfigurationIsVisible</key>
			<string>0</string>
			<key>isa</key>
			<string>XCConfigurationList</string>
		</dict>
		<key>2100A2F21DF45DEB00B4158B</key>
		<dict>
			<key>baseConfigurationReference</key>
			<string>EF55C8F6991C65BC56D6AC99</string>
			<key>buildSettings</key>
			<dict>
				<key>ASSETCATALOG_COMPILER_APPICON_NAME</key>
				<string>AppIcon</string>
				<key>DEVELOPMENT_TEAM</key>
				<string>5FC7UQ7KFZ</string>
				<key>INFOPLIST_FILE</key>
				<string>BWiOSHybridApp/Info.plist</string>
				<key>IPHONEOS_DEPLOYMENT_TARGET</key>
				<string>7.0</string>
				<key>LD_RUNPATH_SEARCH_PATHS</key>
				<string>$(inherited) @executable_path/Frameworks</string>
				<key>PRODUCT_BUNDLE_IDENTIFIER</key>
				<string>com.bws.BWiOSHybridApp</string>
				<key>PRODUCT_NAME</key>
				<string>$(TARGET_NAME)</string>
			</dict>
			<key>isa</key>
			<string>XCBuildConfiguration</string>
			<key>name</key>
			<string>Debug</string>
		</dict>
		<key>2100A2F31DF45DEB00B4158B</key>
		<dict>
			<key>baseConfigurationReference</key>
			<string>1B208891CF75865DDB09A447</string>
			<key>buildSettings</key>
			<dict>
				<key>ASSETCATALOG_COMPILER_APPICON_NAME</key>
				<string>AppIcon</string>
				<key>DEVELOPMENT_TEAM</key>
				<string>5FC7UQ7KFZ</string>
				<key>INFOPLIST_FILE</key>
				<string>BWiOSHybridApp/Info.plist</string>
				<key>IPHONEOS_DEPLOYMENT_TARGET</key>
				<string>7.0</string>
				<key>LD_RUNPATH_SEARCH_PATHS</key>
				<string>$(inherited) @executable_path/Frameworks</string>
				<key>PRODUCT_BUNDLE_IDENTIFIER</key>
				<string>com.bws.BWiOSHybridApp</string>
				<key>PRODUCT_NAME</key>
				<string>$(TARGET_NAME)</string>
			</dict>
			<key>isa</key>
			<string>XCBuildConfiguration</string>
			<key>name</key>
			<string>Release</string>
		</dict>
		<key>2100A2F41DF45DEB00B4158B</key>
		<dict>
			<key>buildConfigurations</key>
			<array>
				<string>2100A2F51DF45DEB00B4158B</string>
				<string>2100A2F61DF45DEB00B4158B</string>
			</array>
			<key>defaultConfigurationIsVisible</key>
			<string>0</string>
			<key>isa</key>
			<string>XCConfigurationList</string>
		</dict>
		<key>2100A2F51DF45DEB00B4158B</key>
		<dict>
			<key>baseConfigurationReference</key>
			<string>447476D2F0B6762C819DF79B</string>
			<key>buildSettings</key>
			<dict>
				<key>BUNDLE_LOADER</key>
				<string>$(TEST_HOST)</string>
				<key>DEVELOPMENT_TEAM</key>
				<string>5FC7UQ7KFZ</string>
				<key>INFOPLIST_FILE</key>
				<string>BWiOSHybridAppTests/Info.plist</string>
				<key>LD_RUNPATH_SEARCH_PATHS</key>
				<string>$(inherited) @executable_path/Frameworks @loader_path/Frameworks</string>
				<key>PRODUCT_BUNDLE_IDENTIFIER</key>
				<string>com.bws.BWiOSHybridAppTests</string>
				<key>PRODUCT_NAME</key>
				<string>$(TARGET_NAME)</string>
				<key>TEST_HOST</key>
				<string>$(BUILT_PRODUCTS_DIR)/BWiOSHybridApp.app/BWiOSHybridApp</string>
			</dict>
			<key>isa</key>
			<string>XCBuildConfiguration</string>
			<key>name</key>
			<string>Debug</string>
		</dict>
		<key>2100A2F61DF45DEB00B4158B</key>
		<dict>
			<key>baseConfigurationReference</key>
			<string>C677A0E1B885ECA10AE7E78F</string>
			<key>buildSettings</key>
			<dict>
				<key>BUNDLE_LOADER</key>
				<string>$(TEST_HOST)</string>
				<key>DEVELOPMENT_TEAM</key>
				<string>5FC7UQ7KFZ</string>
				<key>INFOPLIST_FILE</key>
				<string>BWiOSHybridAppTests/Info.plist</string>
				<key>LD_RUNPATH_SEARCH_PATHS</key>
				<string>$(inherited) @executable_path/Frameworks @loader_path/Frameworks</string>
				<key>PRODUCT_BUNDLE_IDENTIFIER</key>
				<string>com.bws.BWiOSHybridAppTests</string>
				<key>PRODUCT_NAME</key>
				<string>$(TARGET_NAME)</string>
				<key>TEST_HOST</key>
				<string>$(BUILT_PRODUCTS_DIR)/BWiOSHybridApp.app/BWiOSHybridApp</string>
			</dict>
			<key>isa</key>
			<string>XCBuildConfiguration</string>
			<key>name</key>
			<string>Release</string>
		</dict>
		<key>2100A2F71DF45DEB00B4158B</key>
		<dict>
			<key>buildConfigurations</key>
			<array>
				<string>2100A2F81DF45DEB00B4158B</string>
				<string>2100A2F91DF45DEB00B4158B</string>
			</array>
			<key>defaultConfigurationIsVisible</key>
			<string>0</string>
			<key>isa</key>
			<string>XCConfigurationList</string>
		</dict>
		<key>2100A2F81DF45DEB00B4158B</key>
		<dict>
			<key>baseConfigurationReference</key>
			<string>309F2A10E50C020F315AAAEF</string>
			<key>buildSettings</key>
			<dict>
				<key>DEVELOPMENT_TEAM</key>
				<string>5FC7UQ7KFZ</string>
				<key>INFOPLIST_FILE</key>
				<string>BWiOSHybridAppUITests/Info.plist</string>
				<key>LD_RUNPATH_SEARCH_PATHS</key>
				<string>$(inherited) @executable_path/Frameworks @loader_path/Frameworks</string>
				<key>PRODUCT_BUNDLE_IDENTIFIER</key>
				<string>com.bws.BWiOSHybridAppUITests</string>
				<key>PRODUCT_NAME</key>
				<string>$(TARGET_NAME)</string>
				<key>TEST_TARGET_NAME</key>
				<string>BWiOSHybridApp</string>
			</dict>
			<key>isa</key>
			<string>XCBuildConfiguration</string>
			<key>name</key>
			<string>Debug</string>
		</dict>
		<key>2100A2F91DF45DEB00B4158B</key>
		<dict>
			<key>baseConfigurationReference</key>
			<string>F26E53A7C79A997222549BF6</string>
			<key>buildSettings</key>
			<dict>
				<key>DEVELOPMENT_TEAM</key>
				<string>5FC7UQ7KFZ</string>
				<key>INFOPLIST_FILE</key>
				<string>BWiOSHybridAppUITests/Info.plist</string>
				<key>LD_RUNPATH_SEARCH_PATHS</key>
				<string>$(inherited) @executable_path/Frameworks @loader_path/Frameworks</string>
				<key>PRODUCT_BUNDLE_IDENTIFIER</key>
				<string>com.bws.BWiOSHybridAppUITests</string>
				<key>PRODUCT_NAME</key>
				<string>$(TARGET_NAME)</string>
				<key>TEST_TARGET_NAME</key>
				<string>BWiOSHybridApp</string>
			</dict>
			<key>isa</key>
			<string>XCBuildConfiguration</string>
			<key>name</key>
			<string>Release</string>
		</dict>
		<key>24832CCBD128FF6723AED202</key>
		<dict>
			<key>fileRef</key>
			<string>AE36E29A1BE84B35DA56F597</string>
			<key>isa</key>
			<string>PBXBuildFile</string>
		</dict>
		<key>309F2A10E50C020F315AAAEF</key>
		<dict>
			<key>includeInIndex</key>
			<string>1</string>
			<key>isa</key>
			<string>PBXFileReference</string>
			<key>lastKnownFileType</key>
			<string>text.xcconfig</string>
			<key>name</key>
			<string>Pods-BWiOSHybridAppUITests.debug.xcconfig</string>
			<key>path</key>
			<string>Pods/Target Support Files/Pods-BWiOSHybridAppUITests/Pods-BWiOSHybridAppUITests.debug.xcconfig</string>
			<key>sourceTree</key>
			<string>&lt;group&gt;</string>
		</dict>
		<key>34CCCE83D51BCF864DC46C8D</key>
		<dict>
			<key>explicitFileType</key>
			<string>archive.ar</string>
			<key>includeInIndex</key>
			<string>0</string>
			<key>isa</key>
			<string>PBXFileReference</string>
			<key>path</key>
			<string>libPods-BWiOSHybridApp.a</string>
			<key>sourceTree</key>
			<string>BUILT_PRODUCTS_DIR</string>
		</dict>
		<key>37B683AAC76CEC3B57362889</key>
		<dict>
			<key>explicitFileType</key>
			<string>archive.ar</string>
			<key>includeInIndex</key>
			<string>0</string>
			<key>isa</key>
			<string>PBXFileReference</string>
			<key>path</key>
			<string>libPods-BWiOSHybridAppUITests.a</string>
			<key>sourceTree</key>
			<string>BUILT_PRODUCTS_DIR</string>
		</dict>
		<key>447476D2F0B6762C819DF79B</key>
		<dict>
			<key>includeInIndex</key>
			<string>1</string>
			<key>isa</key>
			<string>PBXFileReference</string>
			<key>lastKnownFileType</key>
			<string>text.xcconfig</string>
			<key>name</key>
			<string>Pods-BWiOSHybridAppTests.debug.xcconfig</string>
			<key>path</key>
			<string>Pods/Target Support Files/Pods-BWiOSHybridAppTests/Pods-BWiOSHybridAppTests.debug.xcconfig</string>
			<key>sourceTree</key>
			<string>&lt;group&gt;</string>
		</dict>
		<key>4E35B38CA2E6431973A92994</key>
		<dict>
			<key>children</key>
			<array>
				<string>34CCCE83D51BCF864DC46C8D</string>
				<string>AE36E29A1BE84B35DA56F597</string>
				<string>37B683AAC76CEC3B57362889</string>
			</array>
			<key>isa</key>
			<string>PBXGroup</string>
			<key>name</key>
			<string>Frameworks</string>
			<key>sourceTree</key>
			<string>&lt;group&gt;</string>
		</dict>
		<key>5BD6F57D73622F135C9312C7</key>
		<dict>
			<key>buildActionMask</key>
			<string>2147483647</string>
			<key>files</key>
			<array/>
			<key>inputPaths</key>
			<array/>
			<key>isa</key>
			<string>PBXShellScriptBuildPhase</string>
			<key>name</key>
			<string>[CP] Check Pods Manifest.lock</string>
			<key>outputPaths</key>
			<array/>
			<key>runOnlyForDeploymentPostprocessing</key>
			<string>0</string>
			<key>shellPath</key>
			<string>/bin/sh</string>
			<key>shellScript</key>
			<string>diff "${PODS_ROOT}/../Podfile.lock" "${PODS_ROOT}/Manifest.lock" &gt; /dev/null
if [[ $? != 0 ]] ; then
    cat &lt;&lt; EOM
error: The sandbox is not in sync with the Podfile.lock. Run 'pod install' or update your CocoaPods installation.
EOM
    exit 1
fi
</string>
			<key>showEnvVarsInLog</key>
			<string>0</string>
		</dict>
		<key>5CB929C55224F544F6EFF8D8</key>
		<dict>
			<key>buildActionMask</key>
			<string>2147483647</string>
			<key>files</key>
			<array/>
			<key>inputPaths</key>
			<array/>
			<key>isa</key>
			<string>PBXShellScriptBuildPhase</string>
			<key>name</key>
			<string>[CP] Copy Pods Resources</string>
			<key>outputPaths</key>
			<array/>
			<key>runOnlyForDeploymentPostprocessing</key>
			<string>0</string>
			<key>shellPath</key>
			<string>/bin/sh</string>
			<key>shellScript</key>
			<string>"${SRCROOT}/Pods/Target Support Files/Pods-BWiOSHybridApp/Pods-BWiOSHybridApp-resources.sh"
</string>
			<key>showEnvVarsInLog</key>
			<string>0</string>
		</dict>
		<key>88C80451B810C55FEE61E637</key>
		<dict>
			<key>buildActionMask</key>
			<string>2147483647</string>
			<key>files</key>
			<array/>
			<key>inputPaths</key>
			<array/>
			<key>isa</key>
			<string>PBXShellScriptBuildPhase</string>
			<key>name</key>
			<string>[CP] Check Pods Manifest.lock</string>
			<key>outputPaths</key>
			<array/>
			<key>runOnlyForDeploymentPostprocessing</key>
			<string>0</string>
			<key>shellPath</key>
			<string>/bin/sh</string>
			<key>shellScript</key>
			<string>diff "${PODS_ROOT}/../Podfile.lock" "${PODS_ROOT}/Manifest.lock" &gt; /dev/null
if [[ $? != 0 ]] ; then
    cat &lt;&lt; EOM
error: The sandbox is not in sync with the Podfile.lock. Run 'pod install' or update your CocoaPods installation.
EOM
    exit 1
fi
</string>
			<key>showEnvVarsInLog</key>
			<string>0</string>
		</dict>
		<key>895E6AA1637B0CD45CF15658</key>
		<dict>
			<key>buildActionMask</key>
			<string>2147483647</string>
			<key>files</key>
			<array/>
			<key>inputPaths</key>
			<array/>
			<key>isa</key>
			<string>PBXShellScriptBuildPhase</string>
			<key>name</key>
			<string>[CP] Embed Pods Frameworks</string>
			<key>outputPaths</key>
			<array/>
			<key>runOnlyForDeploymentPostprocessing</key>
			<string>0</string>
			<key>shellPath</key>
			<string>/bin/sh</string>
			<key>shellScript</key>
			<string>"${SRCROOT}/Pods/Target Support Files/Pods-BWiOSHybridApp/Pods-BWiOSHybridApp-frameworks.sh"
</string>
			<key>showEnvVarsInLog</key>
			<string>0</string>
		</dict>
		<key>AE36E29A1BE84B35DA56F597</key>
		<dict>
			<key>explicitFileType</key>
			<string>archive.ar</string>
			<key>includeInIndex</key>
			<string>0</string>
			<key>isa</key>
			<string>PBXFileReference</string>
			<key>path</key>
			<string>libPods-BWiOSHybridAppTests.a</string>
			<key>sourceTree</key>
			<string>BUILT_PRODUCTS_DIR</string>
		</dict>
		<key>C677A0E1B885ECA10AE7E78F</key>
		<dict>
			<key>includeInIndex</key>
			<string>1</string>
			<key>isa</key>
			<string>PBXFileReference</string>
			<key>lastKnownFileType</key>
			<string>text.xcconfig</string>
			<key>name</key>
			<string>Pods-BWiOSHybridAppTests.release.xcconfig</string>
			<key>path</key>
			<string>Pods/Target Support Files/Pods-BWiOSHybridAppTests/Pods-BWiOSHybridAppTests.release.xcconfig</string>
			<key>sourceTree</key>
			<string>&lt;group&gt;</string>
		</dict>
		<key>DF2BE54B3D6EE3BE1F82B28A</key>
		<dict>
			<key>fileRef</key>
			<string>37B683AAC76CEC3B57362889</string>
			<key>isa</key>
			<string>PBXBuildFile</string>
		</dict>
		<key>E4CB976BC42E28CBB8E43EBE</key>
		<dict>
			<key>buildActionMask</key>
			<string>2147483647</string>
			<key>files</key>
			<array/>
			<key>inputPaths</key>
			<array/>
			<key>isa</key>
			<string>PBXShellScriptBuildPhase</string>
			<key>name</key>
			<string>[CP] Check Pods Manifest.lock</string>
			<key>outputPaths</key>
			<array/>
			<key>runOnlyForDeploymentPostprocessing</key>
			<string>0</string>
			<key>shellPath</key>
			<string>/bin/sh</string>
			<key>shellScript</key>
			<string>diff "${PODS_ROOT}/../Podfile.lock" "${PODS_ROOT}/Manifest.lock" &gt; /dev/null
if [[ $? != 0 ]] ; then
    cat &lt;&lt; EOM
error: The sandbox is not in sync with the Podfile.lock. Run 'pod install' or update your CocoaPods installation.
EOM
    exit 1
fi
</string>
			<key>showEnvVarsInLog</key>
			<string>0</string>
		</dict>
		<key>E60753B54D5F2BD5F45DC4C3</key>
		<dict>
			<key>fileRef</key>
			<string>34CCCE83D51BCF864DC46C8D</string>
			<key>isa</key>
			<string>PBXBuildFile</string>
		</dict>
		<key>EF55C8F6991C65BC56D6AC99</key>
		<dict>
			<key>includeInIndex</key>
			<string>1</string>
			<key>isa</key>
			<string>PBXFileReference</string>
			<key>lastKnownFileType</key>
			<string>text.xcconfig</string>
			<key>name</key>
			<string>Pods-BWiOSHybridApp.debug.xcconfig</string>
			<key>path</key>
			<string>Pods/Target Support Files/Pods-BWiOSHybridApp/Pods-BWiOSHybridApp.debug.xcconfig</string>
			<key>sourceTree</key>
			<string>&lt;group&gt;</string>
		</dict>
		<key>F26E53A7C79A997222549BF6</key>
		<dict>
			<key>includeInIndex</key>
			<string>1</string>
			<key>isa</key>
			<string>PBXFileReference</string>
			<key>lastKnownFileType</key>
			<string>text.xcconfig</string>
			<key>name</key>
			<string>Pods-BWiOSHybridAppUITests.release.xcconfig</string>
			<key>path</key>
			<string>Pods/Target Support Files/Pods-BWiOSHybridAppUITests/Pods-BWiOSHybridAppUITests.release.xcconfig</string>
			<key>sourceTree</key>
			<string>&lt;group&gt;</string>
		</dict>
		<key>F53A1A51B853254FE3C572F6</key>
		<dict>
			<key>buildActionMask</key>
			<string>2147483647</string>
			<key>files</key>
			<array/>
			<key>inputPaths</key>
			<array/>
			<key>isa</key>
			<string>PBXShellScriptBuildPhase</string>
			<key>name</key>
			<string>[CP] Copy Pods Resources</string>
			<key>outputPaths</key>
			<array/>
			<key>runOnlyForDeploymentPostprocessing</key>
			<string>0</string>
			<key>shellPath</key>
			<string>/bin/sh</string>
			<key>shellScript</key>
			<string>"${SRCROOT}/Pods/Target Support Files/Pods-BWiOSHybridAppUITests/Pods-BWiOSHybridAppUITests-resources.sh"
</string>
			<key>showEnvVarsInLog</key>
			<string>0</string>
		</dict>
		<key>FAD66D8998D25A7A9783BBFC</key>
		<dict>
			<key>buildActionMask</key>
			<string>2147483647</string>
			<key>files</key>
			<array/>
			<key>inputPaths</key>
			<array/>
			<key>isa</key>
			<string>PBXShellScriptBuildPhase</string>
			<key>name</key>
			<string>[CP] Embed Pods Frameworks</string>
			<key>outputPaths</key>
			<array/>
			<key>runOnlyForDeploymentPostprocessing</key>
			<string>0</string>
			<key>shellPath</key>
			<string>/bin/sh</string>
			<key>shellScript</key>
			<string>"${SRCROOT}/Pods/Target Support Files/Pods-BWiOSHybridAppTests/Pods-BWiOSHybridAppTests-frameworks.sh"
</string>
			<key>showEnvVarsInLog</key>
			<string>0</string>
		</dict>
	</dict>
	<key>rootObject</key>
	<string>2100A2BC1DF45DEB00B4158B</string>
</dict>
</plist>
